{
  "originHash" : "8f099f045f1d3a424cbaae9ec185ae05d44345e14c673954f2c4ac120e25e59a",
  "pins" : [
    {
      "identity" : "corestore",
      "kind" : "remoteSourceControl",
      "location" : "https://github.com/JohnEstropia/CoreStore",
      "state" : {
        "revision" : "4b6d9a54e75d2c9fd2c3c768f7d4aa3175c09133",
        "version" : "9.2.0"
      }
    },
    {
      "identity" : "factory",
      "kind" : "remoteSourceControl",
      "location" : "https://github.com/hmlongco/Factory",
      "state" : {
        "revision" : "587995f7d5cc667951d635fbf6b4252324ba0439",
        "version" : "2.3.2"
      }
    },
    {
      "identity" : "mbprogresshud",
      "kind" : "remoteSourceControl",
      "location" : "https://github.com/jdg/MBProgressHUD",
      "state" : {
        "revision" : "bca42b801100b2b3a4eda0ba8dd33d858c780b0d",
        "version" : "1.2.0"
      }
    },
    {
      "identity" : "pull-to-refresh",
      "kind" : "remoteSourceControl",
      "location" : "https://github.com/eggswift/pull-to-refresh",
      "state" : {
        "revision" : "a858aaeb44abc6428af916e8496429d244fac053",
        "version" : "2.9.3"
      }
    },
    {
      "identity" : "reusable",
      "kind" : "remoteSourceControl",
      "location" : "https://github.com/AliSoftware/Reusable",
      "state" : {
        "revision" : "18674709421360e210c2ecd4e8e08b217d4ea61d",
        "version" : "4.1.2"
      }
    },
    {
      "identity" : "rxswift",
      "kind" : "remoteSourceControl",
      "location" : "https://github.com/ReactiveX/RxSwift",
      "state" : {
        "revision" : "c7c7d2cf50a3211fe2843f76869c698e4e417930",
        "version" : "6.8.0"
      }
    },
    {
      "identity" : "sdwebimage",
      "kind" : "remoteSourceControl",
      "location" : "https://github.com/SDWebImage/SDWebImage",
      "state" : {
        "revision" : "8a1be70a625683bc04d6903e2935bf23f3c6d609",
        "version" : "5.19.7"
      }
    },
    {
      "identity" : "tech-standard-ios-api",
      "kind" : "remoteSourceControl",
      "location" : "https://github.com/sun-asterisk/tech-standard-ios-api",
      "state" : {
        "revision" : "256c1e4854eac94644f14a2a6d338f86300378c2",
        "version" : "0.18.0"
      }
    },
    {
      "identity" : "then",
      "kind" : "remoteSourceControl",
      "location" : "https://github.com/devxoul/Then",
      "state" : {
        "revision" : "d41ef523faef0f911369f79c0b96815d9dbb6d7a",
        "version" : "3.0.0"
      }
    },
    {
      "identity" : "validatedpropertykit",
      "kind" : "remoteSourceControl",
      "location" : "https://github.com/tuan188/ValidatedPropertyKit",
      "state" : {
        "revision" : "6419cce6527a9e0f7c6a7c2e8767a9da32b7e1bb",
        "version" : "0.0.7"
      }
    }
  ],
  "version" : 3
}
